{
  "requires": true,
  "lockfileVersion": 1,
  "dependencies": {
    "@types/css-tree": {
      "version": "2.3.2",
      "resolved": "https://registry.npmjs.org/@types/css-tree/-/css-tree-2.3.2.tgz",
      "integrity": "sha512-B5nF6h7xxpMLvZ1pzugAYUGj1aw4KgTpXZzOijkDMRzey4SlFi0jVWb3o0SS1CVSxyBciltVgjt67CwrgjmlWA==",
      "dev": true
    },
    "@types/csso": {
      "version": "5.0.1",
      "dev": true,
      "requires": {
        "@types/css-tree": "*"
      }
    },
    "@types/node": {
      "version": "20.6.3",
      "dev": true
    },
    "types-registry": {
      "version": "0.1.661",
      "resolved": "https://registry.npmjs.org/types-registry/-/types-registry-0.1.661.tgz",
      "integrity": "sha512-UzXv3Cb8v+Zw/eI+0M2p/gKsRh8G8pwFI/Dbyf6ZWZMllGLAb96Q1Gb/WoQkDOQUT11c9tVVuL0lO1x5NIxsiw=="
    }
  }
}
